
Microsoft Visual Studio Solution File, Format Version 12.00
# Visual Studio Version 16
VisualStudioVersion = 16.0.31205.134
MinimumVisualStudioVersion = 10.0.40219.1
Project("{FAE04EC0-301F-11D3-BF4B-00C04F79EFBC}") = "online rental2", "online rental2\online rental2.csproj", "{BF5FC801-E22B-4082-8ACD-32BACBDDAC54}"
EndProject
Global
	GlobalSection(SolutionConfigurationPlatforms) = preSolution
		Debug|Any CPU = Debug|Any CPU
		Release|Any CPU = Release|Any CPU
	EndGlobalSection
	GlobalSection(ProjectConfigurationPlatforms) = postSolution
		{BF5FC801-E22B-4082-8ACD-32BACBDDAC54}.Debug|Any CPU.ActiveCfg = Debug|Any CPU
		{BF5FC801-E22B-4082-8ACD-32BACBDDAC54}.Debug|Any CPU.Build.0 = Debug|Any CPU
		{BF5FC801-E22B-4082-8ACD-32BACBDDAC54}.Release|Any CPU.ActiveCfg = Release|Any CPU
		{BF5FC801-E22B-4082-8ACD-32BACBDDAC54}.Release|Any CPU.Build.0 = Release|Any CPU
	EndGlobalSection
	GlobalSection(SolutionProperties) = preSolution
		HideSolutionNode = FALSE
	EndGlobalSection
	GlobalSection(ExtensibilityGlobals) = postSolution
		SolutionGuid = {C7087AF8-3DA4-4126-914C-BD438204F124}
	EndGlobalSection
EndGlobal
